// !$*UTF8*$!
{
	archiveVersion = 1;
	classes = {
	};
	objectVersion = 46;
	objects = {
/* Begin PBXBuildFile section */
		0207DA581B56EA530066E2B4 /* Images.xcassets in Resources */ = {isa = PBXBuildFile; fileRef = 0207DA571B56EA530066E2B4 /* Images.xcassets */; };
		03E5976A2DE54C3995F85A72 /* GCDWebServerFileResponse.m in Sources */ = {isa = PBXBuildFile; fileRef = 6782A44A8CC04813ABD23801 /* GCDWebServerFileResponse.m */; };
		0A48D382677E415381C8820A /* CDVWKWebViewEngine.m in Sources */ = {isa = PBXBuildFile; fileRef = 045B0B5762AC45808C1B6019 /* CDVWKWebViewEngine.m */; };
		0A7C34A453744F51B186F76F /* libz.tbd in Frameworks */ = {isa = PBXBuildFile; fileRef = EA92D19D948A48F8A50224C0 /* libz.tbd */; };
		1D3623260D0F684500981E51 /* AppDelegate.m in Sources */ = {isa = PBXBuildFile; fileRef = 1D3623250D0F684500981E51 /* AppDelegate.m */; };
		1D60589B0D05DD56006BFB54 /* main.m in Sources */ = {isa = PBXBuildFile; fileRef = 29B97316FDCFA39411CA2CEA /* main.m */; };
		2ADBE00D2CB545C185009ED3 /* CDVSplashScreen.m in Sources */ = {isa = PBXBuildFile; fileRef = 3972F4042FF1439BB8C42CAB /* CDVSplashScreen.m */; };
		301BF552109A68D80062928A /* libCordova.a in Frameworks */ = {isa = PBXBuildFile; fileRef = 301BF535109A57CC0062928A /* libCordova.a */; };
		302D95F114D2391D003F00A1 /* MainViewController.m in Sources */ = {isa = PBXBuildFile; fileRef = 302D95EF14D2391D003F00A1 /* MainViewController.m */; };
		302D95F214D2391D003F00A1 /* MainViewController.xib in Resources */ = {isa = PBXBuildFile; fileRef = 302D95F014D2391D003F00A1 /* MainViewController.xib */; };
		33F88EA8EBAD4BDCA503DD21 /* GCDWebServerConnection.m in Sources */ = {isa = PBXBuildFile; fileRef = 546B40FB14014768A5BB8ECB /* GCDWebServerConnection.m */; };
		372C8370A707499184AB671C /* CDVStatusBar.m in Sources */ = {isa = PBXBuildFile; fileRef = 9F77E17DA6134A0D9DC9C489 /* CDVStatusBar.m */; };
		3BF8C2543D06473F96A83464 /* Fingerprint.swift in Sources */ = {isa = PBXBuildFile; fileRef = 7B5FA453EC67410EA779CA67 /* Fingerprint.swift */; };
		47C82CD47B20464CA56D13B2 /* GCDWebServerURLEncodedFormRequest.m in Sources */ = {isa = PBXBuildFile; fileRef = 8363B1089F0242E782F7683E /* GCDWebServerURLEncodedFormRequest.m */; };
		58FD5E9ED6424CC1BDAC104F /* GCDWebServerDataResponse.m in Sources */ = {isa = PBXBuildFile; fileRef = E84FD4EB488944EAB13D91C4 /* GCDWebServerDataResponse.m */; };
		6AFF5BF91D6E424B00AB3073 /* CDVLaunchScreen.storyboard in Resources */ = {isa = PBXBuildFile; fileRef = 6AFF5BF81D6E424B00AB3073 /* CDVLaunchScreen.storyboard */; };
		6C6F8B6BA923439085E55F4E /* CDVViewController+SplashScreen.m in Sources */ = {isa = PBXBuildFile; fileRef = 091E85782DAA48D29C73AB90 /* CDVViewController+SplashScreen.m */; };
		7A1D2CF8BB9C4323A8BFB210 /* CDVWKProcessPoolFactory.m in Sources */ = {isa = PBXBuildFile; fileRef = E895522D9E89430AAF36C640 /* CDVWKProcessPoolFactory.m */; };
		836AE4A0A1644EC0B6794A3E /* GCDWebServerRequest.m in Sources */ = {isa = PBXBuildFile; fileRef = 18EDEAF98ECD4FEF86BEF81B /* GCDWebServerRequest.m */; };
		8C17897C987F4D35AA4445DF /* CDVIonicKeyboard.m in Sources */ = {isa = PBXBuildFile; fileRef = FE8C7DE604AA422782B8ED98 /* CDVIonicKeyboard.m */; };
		96DEE1A8D6504F81BC5857AA /* GCDWebServerFileRequest.m in Sources */ = {isa = PBXBuildFile; fileRef = 9DE48F666C2347D6AFE5013F /* GCDWebServerFileRequest.m */; };
		A0031673E93948BEAD221957 /* GCDWebServerDataRequest.m in Sources */ = {isa = PBXBuildFile; fileRef = 6832BC393B3043929997ACB0 /* GCDWebServerDataRequest.m */; };
		A393945C10A94AD5911D8D21 /* GCDWebServerStreamedResponse.m in Sources */ = {isa = PBXBuildFile; fileRef = 02EB32BE661540EE8D9682CC /* GCDWebServerStreamedResponse.m */; };
		A9CD4D5E960D42A98CF3CF5C /* GCDWebServerResponse.m in Sources */ = {isa = PBXBuildFile; fileRef = 5290BF777CEB469DA0A5DAAC /* GCDWebServerResponse.m */; };
		AE64CF9F09B34AF09E59BD4F /* GCDWebServer.m in Sources */ = {isa = PBXBuildFile; fileRef = 3CAE8E88CBC3440B9CDE9E4A /* GCDWebServer.m */; };
		AED5F3EFEEC841D890D01E94 /* WebKit.framework in Frameworks */ = {isa = PBXBuildFile; fileRef = A111E72312964488BCE21137 /* WebKit.framework */; settings = {ATTRIBUTES = (Weak, ); }; };
		BD5FE25A329C4A808B06C614 /* CDVWKWebViewUIDelegate.m in Sources */ = {isa = PBXBuildFile; fileRef = CF52303278284C44B4D90EA6 /* CDVWKWebViewUIDelegate.m */; };
		CEED6C41DCB54E7285A65BA7 /* CDVDevice.m in Sources */ = {isa = PBXBuildFile; fileRef = DE19E7C9DA5A48419B1D5AB5 /* CDVDevice.m */; };
		CFD8A144B0594EF290EAB0F4 /* GCDWebServerErrorResponse.m in Sources */ = {isa = PBXBuildFile; fileRef = 565989648CCD4CD6A893EC2A /* GCDWebServerErrorResponse.m */; };
		EE4048C4515E40A99A20599C /* GCDWebServerFunctions.m in Sources */ = {isa = PBXBuildFile; fileRef = 5DC630947F084064BF485898 /* GCDWebServerFunctions.m */; };
		FE00FF9DEAB34C0A94A7478D /* GCDWebServerMultiPartFormRequest.m in Sources */ = {isa = PBXBuildFile; fileRef = E755DB201C4743AFB116BFEE /* GCDWebServerMultiPartFormRequest.m */; };
		0EE90B78DD0C4E078AEB13B0 /* SecureKeyStore.m in Sources */ = {isa = PBXBuildFile; fileRef = 2BC1A8979F944A358FF8216C /* SecureKeyStore.m */; };
		0D8FE23AE4DD4B968D187055 /* KeychainItemWrapper.h in Resources */ = {isa = PBXBuildFile; fileRef = 2B143AACF3864E78B59451D7 /* KeychainItemWrapper.h */; };
		77AED63DEE8648AD999CDEF2 /* KeychainItemWrapper.m in Sources */ = {isa = PBXBuildFile; fileRef = 4E30B03EB76A430C87A915C6 /* KeychainItemWrapper.m */; };
		BACF9772B97844C89E13405D /* Security.framework in Frameworks */ = {isa = PBXBuildFile; fileRef = 0A9B755CBB7A41B091DB1621 /* Security.framework */; };
		C470DAB1855645BEA23161DF /* SecureStorage.m in Sources */ = {isa = PBXBuildFile; fileRef = BD6B82C13E0D492E93E22409 /* SecureStorage.m */; };
		CDD3DC5C50154FA382BEA1D5 /* SAMKeychain.m in Sources */ = {isa = PBXBuildFile; fileRef = B1B2817FBCCB44A393188A14 /* SAMKeychain.m */; };
		E96531D8ABAB4B4190845153 /* SAMKeychainQuery.m in Sources */ = {isa = PBXBuildFile; fileRef = 27997566B01C43C0A1F1A910 /* SAMKeychainQuery.m */; };
		A68CF175C6AD4FE88A618A52 /* SAMKeychain.bundle in Resources */ = {isa = PBXBuildFile; fileRef = 31D9A5EE35AE4F2287CD78F2 /* SAMKeychain.bundle */; };
/* End PBXBuildFile section */

/* Begin PBXContainerItemProxy section */
		301BF534109A57CC0062928A /* PBXContainerItemProxy */ = {
			isa = PBXContainerItemProxy;
			containerPortal = 301BF52D109A57CC0062928A /* CordovaLib/CordovaLib.xcodeproj */;
			proxyType = 2;
			remoteGlobalIDString = D2AAC07E0554694100DB518D;
			remoteInfo = CordovaLib;
		};
		301BF550109A68C00062928A /* PBXContainerItemProxy */ = {
			isa = PBXContainerItemProxy;
			containerPortal = 301BF52D109A57CC0062928A /* CordovaLib/CordovaLib.xcodeproj */;
			proxyType = 1;
			remoteGlobalIDString = D2AAC07D0554694100DB518D;
			remoteInfo = CordovaLib;
		};
		E4D8FD7E216490CA00B0D594 /* PBXContainerItemProxy */ = {
			isa = PBXContainerItemProxy;
			containerPortal = 301BF52D109A57CC0062928A /* CordovaLib/CordovaLib.xcodeproj */;
			proxyType = 2;
			remoteGlobalIDString = C0C01EB21E3911D50056E6CB;
			remoteInfo = Cordova;
		};
/* End PBXContainerItemProxy section */

/* Begin PBXFileReference section */
		0207DA571B56EA530066E2B4 /* Images.xcassets */ = {isa = PBXFileReference; lastKnownFileType = folder.assetcatalog; name = Images.xcassets; path = "ionic-app/Images.xcassets"; sourceTree = SOURCE_ROOT; };
		02EB32BE661540EE8D9682CC /* GCDWebServerStreamedResponse.m */ = {isa = PBXFileReference; explicitFileType = undefined; fileEncoding = 4; includeInIndex = 0; lastKnownFileType = sourcecode.c.objc; name = GCDWebServerStreamedResponse.m; path = "cordova-plugin-ionic-webview/GCDWebServerStreamedResponse.m"; sourceTree = "<group>"; };
		045B0B5762AC45808C1B6019 /* CDVWKWebViewEngine.m */ = {isa = PBXFileReference; explicitFileType = undefined; fileEncoding = 4; includeInIndex = 0; lastKnownFileType = sourcecode.c.objc; name = CDVWKWebViewEngine.m; path = "cordova-plugin-ionic-webview/CDVWKWebViewEngine.m"; sourceTree = "<group>"; };
		080301A842264482BC9F3847 /* GCDWebServerHTTPStatusCodes.h */ = {isa = PBXFileReference; explicitFileType = undefined; fileEncoding = 4; includeInIndex = 0; lastKnownFileType = sourcecode.c.h; name = GCDWebServerHTTPStatusCodes.h; path = "cordova-plugin-ionic-webview/GCDWebServerHTTPStatusCodes.h"; sourceTree = "<group>"; };
		091E85782DAA48D29C73AB90 /* CDVViewController+SplashScreen.m */ = {isa = PBXFileReference; explicitFileType = undefined; fileEncoding = 4; includeInIndex = 0; lastKnownFileType = sourcecode.c.objc; name = "CDVViewController+SplashScreen.m"; path = "cordova-plugin-splashscreen/CDVViewController+SplashScreen.m"; sourceTree = "<group>"; };
		093565DDA1894DB2BE1BCEE7 /* GCDWebServerFunctions.h */ = {isa = PBXFileReference; explicitFileType = undefined; fileEncoding = 4; includeInIndex = 0; lastKnownFileType = sourcecode.c.h; name = GCDWebServerFunctions.h; path = "cordova-plugin-ionic-webview/GCDWebServerFunctions.h"; sourceTree = "<group>"; };
		11E797279FE5454CBFF6130A /* GCDWebServerResponse.h */ = {isa = PBXFileReference; explicitFileType = undefined; fileEncoding = 4; includeInIndex = 0; lastKnownFileType = sourcecode.c.h; name = GCDWebServerResponse.h; path = "cordova-plugin-ionic-webview/GCDWebServerResponse.h"; sourceTree = "<group>"; };
		18EDEAF98ECD4FEF86BEF81B /* GCDWebServerRequest.m */ = {isa = PBXFileReference; explicitFileType = undefined; fileEncoding = 4; includeInIndex = 0; lastKnownFileType = sourcecode.c.objc; name = GCDWebServerRequest.m; path = "cordova-plugin-ionic-webview/GCDWebServerRequest.m"; sourceTree = "<group>"; };
		1D3623240D0F684500981E51 /* AppDelegate.h */ = {isa = PBXFileReference; fileEncoding = 4; lastKnownFileType = sourcecode.c.h; path = AppDelegate.h; sourceTree = "<group>"; };
		1D3623250D0F684500981E51 /* AppDelegate.m */ = {isa = PBXFileReference; fileEncoding = 4; lastKnownFileType = sourcecode.c.objc; path = AppDelegate.m; sourceTree = "<group>"; };
		1D6058910D05DD3D006BFB54 /* ionic-app.app */ = {isa = PBXFileReference; explicitFileType = wrapper.application; includeInIndex = 0; path = "ionic-app.app"; sourceTree = BUILT_PRODUCTS_DIR; };
		203973DD309243C1A86212EF /* GCDWebServerRequest.h */ = {isa = PBXFileReference; explicitFileType = undefined; fileEncoding = 4; includeInIndex = 0; lastKnownFileType = sourcecode.c.h; name = GCDWebServerRequest.h; path = "cordova-plugin-ionic-webview/GCDWebServerRequest.h"; sourceTree = "<group>"; };
		203F67B364E34150AD5ECF7A /* GCDWebServerConnection.h */ = {isa = PBXFileReference; explicitFileType = undefined; fileEncoding = 4; includeInIndex = 0; lastKnownFileType = sourcecode.c.h; name = GCDWebServerConnection.h; path = "cordova-plugin-ionic-webview/GCDWebServerConnection.h"; sourceTree = "<group>"; };
		281E036ADF0C455DB180E6D5 /* GCDWebServerErrorResponse.h */ = {isa = PBXFileReference; explicitFileType = undefined; fileEncoding = 4; includeInIndex = 0; lastKnownFileType = sourcecode.c.h; name = GCDWebServerErrorResponse.h; path = "cordova-plugin-ionic-webview/GCDWebServerErrorResponse.h"; sourceTree = "<group>"; };
		29B97316FDCFA39411CA2CEA /* main.m */ = {isa = PBXFileReference; fileEncoding = 4; lastKnownFileType = sourcecode.c.objc; path = main.m; sourceTree = "<group>"; };
		2A16E00DA8664F85B6E84F99 /* CDVWKWebViewUIDelegate.h */ = {isa = PBXFileReference; explicitFileType = undefined; fileEncoding = 4; includeInIndex = 0; lastKnownFileType = sourcecode.c.h; name = CDVWKWebViewUIDelegate.h; path = "cordova-plugin-ionic-webview/CDVWKWebViewUIDelegate.h"; sourceTree = "<group>"; };
		2A9491ED0466422EAD63ED13 /* GCDWebServerDataRequest.h */ = {isa = PBXFileReference; explicitFileType = undefined; fileEncoding = 4; includeInIndex = 0; lastKnownFileType = sourcecode.c.h; name = GCDWebServerDataRequest.h; path = "cordova-plugin-ionic-webview/GCDWebServerDataRequest.h"; sourceTree = "<group>"; };
		301BF52D109A57CC0062928A /* CordovaLib/CordovaLib.xcodeproj */ = {isa = PBXFileReference; lastKnownFileType = "wrapper.pb-project"; path = CordovaLib/CordovaLib.xcodeproj; sourceTree = "<group>"; };
		301BF56E109A69640062928A /* www */ = {isa = PBXFileReference; lastKnownFileType = folder; path = www; sourceTree = SOURCE_ROOT; };
		302D95EE14D2391D003F00A1 /* MainViewController.h */ = {isa = PBXFileReference; fileEncoding = 4; lastKnownFileType = sourcecode.c.h; path = MainViewController.h; sourceTree = "<group>"; };
		302D95EF14D2391D003F00A1 /* MainViewController.m */ = {isa = PBXFileReference; fileEncoding = 4; lastKnownFileType = sourcecode.c.objc; path = MainViewController.m; sourceTree = "<group>"; };
		302D95F014D2391D003F00A1 /* MainViewController.xib */ = {isa = PBXFileReference; fileEncoding = 4; lastKnownFileType = file.xib; path = MainViewController.xib; sourceTree = "<group>"; };
		3047A50F1AB8059700498E2A /* build-debug.xcconfig */ = {isa = PBXFileReference; fileEncoding = 4; lastKnownFileType = text.xcconfig; name = "build-debug.xcconfig"; path = "cordova/build-debug.xcconfig"; sourceTree = SOURCE_ROOT; };
		3047A5101AB8059700498E2A /* build-release.xcconfig */ = {isa = PBXFileReference; fileEncoding = 4; lastKnownFileType = text.xcconfig; name = "build-release.xcconfig"; path = "cordova/build-release.xcconfig"; sourceTree = SOURCE_ROOT; };
		3047A5111AB8059700498E2A /* build.xcconfig */ = {isa = PBXFileReference; fileEncoding = 4; lastKnownFileType = text.xcconfig; name = build.xcconfig; path = cordova/build.xcconfig; sourceTree = SOURCE_ROOT; };
		32CA4F630368D1EE00C91783 /* ionic-app-Prefix.pch */ = {isa = PBXFileReference; fileEncoding = 4; lastKnownFileType = sourcecode.c.h; path = "ionic-app-Prefix.pch"; sourceTree = "<group>"; };
		3972F4042FF1439BB8C42CAB /* CDVSplashScreen.m */ = {isa = PBXFileReference; explicitFileType = undefined; fileEncoding = 4; includeInIndex = 0; lastKnownFileType = sourcecode.c.objc; name = CDVSplashScreen.m; path = "cordova-plugin-splashscreen/CDVSplashScreen.m"; sourceTree = "<group>"; };
		3CAE8E88CBC3440B9CDE9E4A /* GCDWebServer.m */ = {isa = PBXFileReference; explicitFileType = undefined; fileEncoding = 4; includeInIndex = 0; lastKnownFileType = sourcecode.c.objc; name = GCDWebServer.m; path = "cordova-plugin-ionic-webview/GCDWebServer.m"; sourceTree = "<group>"; };
		43415AF795AA4350BE15D507 /* CDVStatusBar.h */ = {isa = PBXFileReference; explicitFileType = undefined; fileEncoding = 4; includeInIndex = 0; lastKnownFileType = sourcecode.c.h; name = CDVStatusBar.h; path = "cordova-plugin-statusbar/CDVStatusBar.h"; sourceTree = "<group>"; };
		4ACADC34C8F1411BB9220788 /* CDVIonicKeyboard.h */ = {isa = PBXFileReference; explicitFileType = undefined; fileEncoding = 4; includeInIndex = 0; lastKnownFileType = sourcecode.c.h; name = CDVIonicKeyboard.h; path = "cordova-plugin-ionic-keyboard/CDVIonicKeyboard.h"; sourceTree = "<group>"; };
		5290BF777CEB469DA0A5DAAC /* GCDWebServerResponse.m */ = {isa = PBXFileReference; explicitFileType = undefined; fileEncoding = 4; includeInIndex = 0; lastKnownFileType = sourcecode.c.objc; name = GCDWebServerResponse.m; path = "cordova-plugin-ionic-webview/GCDWebServerResponse.m"; sourceTree = "<group>"; };
		546B40FB14014768A5BB8ECB /* GCDWebServerConnection.m */ = {isa = PBXFileReference; explicitFileType = undefined; fileEncoding = 4; includeInIndex = 0; lastKnownFileType = sourcecode.c.objc; name = GCDWebServerConnection.m; path = "cordova-plugin-ionic-webview/GCDWebServerConnection.m"; sourceTree = "<group>"; };
		565989648CCD4CD6A893EC2A /* GCDWebServerErrorResponse.m */ = {isa = PBXFileReference; explicitFileType = undefined; fileEncoding = 4; includeInIndex = 0; lastKnownFileType = sourcecode.c.objc; name = GCDWebServerErrorResponse.m; path = "cordova-plugin-ionic-webview/GCDWebServerErrorResponse.m"; sourceTree = "<group>"; };
		5DC630947F084064BF485898 /* GCDWebServerFunctions.m */ = {isa = PBXFileReference; explicitFileType = undefined; fileEncoding = 4; includeInIndex = 0; lastKnownFileType = sourcecode.c.objc; name = GCDWebServerFunctions.m; path = "cordova-plugin-ionic-webview/GCDWebServerFunctions.m"; sourceTree = "<group>"; };
		6085A60860FF476A8FCAA4E4 /* CDVDevice.h */ = {isa = PBXFileReference; explicitFileType = undefined; fileEncoding = 4; includeInIndex = 0; lastKnownFileType = sourcecode.c.h; name = CDVDevice.h; path = "cordova-plugin-device/CDVDevice.h"; sourceTree = "<group>"; };
		6782A44A8CC04813ABD23801 /* GCDWebServerFileResponse.m */ = {isa = PBXFileReference; explicitFileType = undefined; fileEncoding = 4; includeInIndex = 0; lastKnownFileType = sourcecode.c.objc; name = GCDWebServerFileResponse.m; path = "cordova-plugin-ionic-webview/GCDWebServerFileResponse.m"; sourceTree = "<group>"; };
		6832BC393B3043929997ACB0 /* GCDWebServerDataRequest.m */ = {isa = PBXFileReference; explicitFileType = undefined; fileEncoding = 4; includeInIndex = 0; lastKnownFileType = sourcecode.c.objc; name = GCDWebServerDataRequest.m; path = "cordova-plugin-ionic-webview/GCDWebServerDataRequest.m"; sourceTree = "<group>"; };
		6AFF5BF81D6E424B00AB3073 /* CDVLaunchScreen.storyboard */ = {isa = PBXFileReference; fileEncoding = 4; lastKnownFileType = file.storyboard; name = CDVLaunchScreen.storyboard; path = "ionic-app/CDVLaunchScreen.storyboard"; sourceTree = SOURCE_ROOT; };
		7B5FA453EC67410EA779CA67 /* Fingerprint.swift */ = {isa = PBXFileReference; explicitFileType = undefined; fileEncoding = 4; includeInIndex = 0; lastKnownFileType = sourcecode.swift; name = Fingerprint.swift; path = "cordova-plugin-fingerprint-aio/Fingerprint.swift"; sourceTree = "<group>"; };
		8363B1089F0242E782F7683E /* GCDWebServerURLEncodedFormRequest.m */ = {isa = PBXFileReference; explicitFileType = undefined; fileEncoding = 4; includeInIndex = 0; lastKnownFileType = sourcecode.c.objc; name = GCDWebServerURLEncodedFormRequest.m; path = "cordova-plugin-ionic-webview/GCDWebServerURLEncodedFormRequest.m"; sourceTree = "<group>"; };
		87401435A3F14408B3373D4E /* CDVViewController+SplashScreen.h */ = {isa = PBXFileReference; explicitFileType = undefined; fileEncoding = 4; includeInIndex = 0; lastKnownFileType = sourcecode.c.h; name = "CDVViewController+SplashScreen.h"; path = "cordova-plugin-splashscreen/CDVViewController+SplashScreen.h"; sourceTree = "<group>"; };
		8D1107310486CEB800E47090 /* ionic-app-Info.plist */ = {isa = PBXFileReference; fileEncoding = 4; lastKnownFileType = text.plist.xml; name = "ionic-app-Info.plist"; path = "ionic-app/ionic-app-Info.plist"; plistStructureDefinitionIdentifier = "com.apple.xcode.plist.structure-definition.iphone.info-plist"; sourceTree = SOURCE_ROOT; };
		91EF7D64F5DC44C8B1AC4467 /* GCDWebServerStreamedResponse.h */ = {isa = PBXFileReference; explicitFileType = undefined; fileEncoding = 4; includeInIndex = 0; lastKnownFileType = sourcecode.c.h; name = GCDWebServerStreamedResponse.h; path = "cordova-plugin-ionic-webview/GCDWebServerStreamedResponse.h"; sourceTree = "<group>"; };
		950201B585094FE185F6DC90 /* GCDWebServerMultiPartFormRequest.h */ = {isa = PBXFileReference; explicitFileType = undefined; fileEncoding = 4; includeInIndex = 0; lastKnownFileType = sourcecode.c.h; name = GCDWebServerMultiPartFormRequest.h; path = "cordova-plugin-ionic-webview/GCDWebServerMultiPartFormRequest.h"; sourceTree = "<group>"; };
		9DE48F666C2347D6AFE5013F /* GCDWebServerFileRequest.m */ = {isa = PBXFileReference; explicitFileType = undefined; fileEncoding = 4; includeInIndex = 0; lastKnownFileType = sourcecode.c.objc; name = GCDWebServerFileRequest.m; path = "cordova-plugin-ionic-webview/GCDWebServerFileRequest.m"; sourceTree = "<group>"; };
		9ED6449EF4D945F69D88C5FD /* GCDWebServer.h */ = {isa = PBXFileReference; explicitFileType = undefined; fileEncoding = 4; includeInIndex = 0; lastKnownFileType = sourcecode.c.h; name = GCDWebServer.h; path = "cordova-plugin-ionic-webview/GCDWebServer.h"; sourceTree = "<group>"; };
		9F77E17DA6134A0D9DC9C489 /* CDVStatusBar.m */ = {isa = PBXFileReference; explicitFileType = undefined; fileEncoding = 4; includeInIndex = 0; lastKnownFileType = sourcecode.c.objc; name = CDVStatusBar.m; path = "cordova-plugin-statusbar/CDVStatusBar.m"; sourceTree = "<group>"; };
		A111E72312964488BCE21137 /* WebKit.framework */ = {isa = PBXFileReference; explicitFileType = undefined; fileEncoding = 9; includeInIndex = 0; lastKnownFileType = wrapper.framework; name = WebKit.framework; path = System/Library/Frameworks/WebKit.framework; sourceTree = SDKROOT; };
		A5DDD0B04B734809BE178C83 /* GCDWebServerPrivate.h */ = {isa = PBXFileReference; explicitFileType = undefined; fileEncoding = 4; includeInIndex = 0; lastKnownFileType = sourcecode.c.h; name = GCDWebServerPrivate.h; path = "cordova-plugin-ionic-webview/GCDWebServerPrivate.h"; sourceTree = "<group>"; };
		B410B5140E0C4C67AA15309E /* GCDWebServerFileResponse.h */ = {isa = PBXFileReference; explicitFileType = undefined; fileEncoding = 4; includeInIndex = 0; lastKnownFileType = sourcecode.c.h; name = GCDWebServerFileResponse.h; path = "cordova-plugin-ionic-webview/GCDWebServerFileResponse.h"; sourceTree = "<group>"; };
		B7D0235528E14F6588A38DE2 /* CDVWKProcessPoolFactory.h */ = {isa = PBXFileReference; explicitFileType = undefined; fileEncoding = 4; includeInIndex = 0; lastKnownFileType = sourcecode.c.h; name = CDVWKProcessPoolFactory.h; path = "cordova-plugin-ionic-webview/CDVWKProcessPoolFactory.h"; sourceTree = "<group>"; };
		CF52303278284C44B4D90EA6 /* CDVWKWebViewUIDelegate.m */ = {isa = PBXFileReference; explicitFileType = undefined; fileEncoding = 4; includeInIndex = 0; lastKnownFileType = sourcecode.c.objc; name = CDVWKWebViewUIDelegate.m; path = "cordova-plugin-ionic-webview/CDVWKWebViewUIDelegate.m"; sourceTree = "<group>"; };
		D3F22EF8F43342968C64DB98 /* CDVSplashScreen.h */ = {isa = PBXFileReference; explicitFileType = undefined; fileEncoding = 4; includeInIndex = 0; lastKnownFileType = sourcecode.c.h; name = CDVSplashScreen.h; path = "cordova-plugin-splashscreen/CDVSplashScreen.h"; sourceTree = "<group>"; };
		D5C69DD86C694220B439BB08 /* GCDWebServerFileRequest.h */ = {isa = PBXFileReference; explicitFileType = undefined; fileEncoding = 4; includeInIndex = 0; lastKnownFileType = sourcecode.c.h; name = GCDWebServerFileRequest.h; path = "cordova-plugin-ionic-webview/GCDWebServerFileRequest.h"; sourceTree = "<group>"; };
		D71124ED3F3C4B02A4E324A4 /* CDVWKWebViewEngine.h */ = {isa = PBXFileReference; explicitFileType = undefined; fileEncoding = 4; includeInIndex = 0; lastKnownFileType = sourcecode.c.h; name = CDVWKWebViewEngine.h; path = "cordova-plugin-ionic-webview/CDVWKWebViewEngine.h"; sourceTree = "<group>"; };
		DE19E7C9DA5A48419B1D5AB5 /* CDVDevice.m */ = {isa = PBXFileReference; explicitFileType = undefined; fileEncoding = 4; includeInIndex = 0; lastKnownFileType = sourcecode.c.objc; name = CDVDevice.m; path = "cordova-plugin-device/CDVDevice.m"; sourceTree = "<group>"; };
		E755DB201C4743AFB116BFEE /* GCDWebServerMultiPartFormRequest.m */ = {isa = PBXFileReference; explicitFileType = undefined; fileEncoding = 4; includeInIndex = 0; lastKnownFileType = sourcecode.c.objc; name = GCDWebServerMultiPartFormRequest.m; path = "cordova-plugin-ionic-webview/GCDWebServerMultiPartFormRequest.m"; sourceTree = "<group>"; };
		E84FD4EB488944EAB13D91C4 /* GCDWebServerDataResponse.m */ = {isa = PBXFileReference; explicitFileType = undefined; fileEncoding = 4; includeInIndex = 0; lastKnownFileType = sourcecode.c.objc; name = GCDWebServerDataResponse.m; path = "cordova-plugin-ionic-webview/GCDWebServerDataResponse.m"; sourceTree = "<group>"; };
		E895522D9E89430AAF36C640 /* CDVWKProcessPoolFactory.m */ = {isa = PBXFileReference; explicitFileType = undefined; fileEncoding = 4; includeInIndex = 0; lastKnownFileType = sourcecode.c.objc; name = CDVWKProcessPoolFactory.m; path = "cordova-plugin-ionic-webview/CDVWKProcessPoolFactory.m"; sourceTree = "<group>"; };
		EA92D19D948A48F8A50224C0 /* libz.tbd */ = {isa = PBXFileReference; explicitFileType = undefined; fileEncoding = 9; includeInIndex = 0; lastKnownFileType = "sourcecode.text-based-dylib-definition"; name = libz.tbd; path = usr/lib/libz.tbd; sourceTree = SDKROOT; };
		EB87FDF31871DA8E0020F90C /* www */ = {isa = PBXFileReference; lastKnownFileType = folder; name = www; path = ../../www; sourceTree = "<group>"; };
		EB87FDF41871DAF40020F90C /* config.xml */ = {isa = PBXFileReference; lastKnownFileType = text.xml; name = config.xml; path = ../../config.xml; sourceTree = "<group>"; };
		ED0364CACDBF48B3A52D480B /* GCDWebServerDataResponse.h */ = {isa = PBXFileReference; explicitFileType = undefined; fileEncoding = 4; includeInIndex = 0; lastKnownFileType = sourcecode.c.h; name = GCDWebServerDataResponse.h; path = "cordova-plugin-ionic-webview/GCDWebServerDataResponse.h"; sourceTree = "<group>"; };
		ED33DF2A687741AEAF9F8254 /* Bridging-Header.h */ = {isa = PBXFileReference; fileEncoding = 4; lastKnownFileType = sourcecode.c.h; path = "Bridging-Header.h"; sourceTree = "<group>"; };
		F6448C14553B426E8752D3BD /* GCDWebServerURLEncodedFormRequest.h */ = {isa = PBXFileReference; explicitFileType = undefined; fileEncoding = 4; includeInIndex = 0; lastKnownFileType = sourcecode.c.h; name = GCDWebServerURLEncodedFormRequest.h; path = "cordova-plugin-ionic-webview/GCDWebServerURLEncodedFormRequest.h"; sourceTree = "<group>"; };
		F840E1F0165FE0F500CFE078 /* config.xml */ = {isa = PBXFileReference; lastKnownFileType = text.xml; name = config.xml; path = "ionic-app/config.xml"; sourceTree = "<group>"; };
		FE8C7DE604AA422782B8ED98 /* CDVIonicKeyboard.m */ = {isa = PBXFileReference; explicitFileType = undefined; fileEncoding = 4; includeInIndex = 0; lastKnownFileType = sourcecode.c.objc; name = CDVIonicKeyboard.m; path = "cordova-plugin-ionic-keyboard/CDVIonicKeyboard.m"; sourceTree = "<group>"; };
		2BC1A8979F944A358FF8216C /* SecureKeyStore.m */ = {isa = PBXFileReference; name = "SecureKeyStore.m"; path = "cordova-plugin-secure-key-store/SecureKeyStore.m"; sourceTree = "<group>"; fileEncoding = 4; lastKnownFileType = sourcecode.c.objc; explicitFileType = undefined; includeInIndex = 0; };
		2B143AACF3864E78B59451D7 /* KeychainItemWrapper.h */ = {isa = PBXFileReference; name = "KeychainItemWrapper.h"; path = "cordova-plugin-secure-key-store/KeychainItemWrapper.h"; sourceTree = "<group>"; fileEncoding = 4; lastKnownFileType = sourcecode.c.h; explicitFileType = undefined; includeInIndex = 0; };
		4E30B03EB76A430C87A915C6 /* KeychainItemWrapper.m */ = {isa = PBXFileReference; name = "KeychainItemWrapper.m"; path = "cordova-plugin-secure-key-store/KeychainItemWrapper.m"; sourceTree = "<group>"; fileEncoding = 4; lastKnownFileType = sourcecode.c.objc; explicitFileType = undefined; includeInIndex = 0; };
		2B0A51F0F2A1446B97EC42C6 /* SecureKeyStore.h */ = {isa = PBXFileReference; name = "SecureKeyStore.h"; path = "cordova-plugin-secure-key-store/SecureKeyStore.h"; sourceTree = "<group>"; fileEncoding = 4; lastKnownFileType = sourcecode.c.h; explicitFileType = undefined; includeInIndex = 0; };
		0A9B755CBB7A41B091DB1621 /* Security.framework */ = {isa = PBXFileReference; name = "Security.framework"; path = "System/Library/Frameworks/Security.framework"; sourceTree = SDKROOT; fileEncoding = undefined; lastKnownFileType = wrapper.framework; explicitFileType = undefined; includeInIndex = 0; };
		BD6B82C13E0D492E93E22409 /* SecureStorage.m */ = {isa = PBXFileReference; name = "SecureStorage.m"; path = "cordova-plugin-secure-storage/SecureStorage.m"; sourceTree = "<group>"; fileEncoding = 4; lastKnownFileType = sourcecode.c.objc; explicitFileType = undefined; includeInIndex = 0; };
		B1B2817FBCCB44A393188A14 /* SAMKeychain.m */ = {isa = PBXFileReference; name = "SAMKeychain.m"; path = "cordova-plugin-secure-storage/SAMKeychain.m"; sourceTree = "<group>"; fileEncoding = 4; lastKnownFileType = sourcecode.c.objc; explicitFileType = undefined; includeInIndex = 0; };
		27997566B01C43C0A1F1A910 /* SAMKeychainQuery.m */ = {isa = PBXFileReference; name = "SAMKeychainQuery.m"; path = "cordova-plugin-secure-storage/SAMKeychainQuery.m"; sourceTree = "<group>"; fileEncoding = 4; lastKnownFileType = sourcecode.c.objc; explicitFileType = undefined; includeInIndex = 0; };
		1312B9D65BA44D9683CA1F6E /* SecureStorage.h */ = {isa = PBXFileReference; name = "SecureStorage.h"; path = "cordova-plugin-secure-storage/SecureStorage.h"; sourceTree = "<group>"; fileEncoding = 4; lastKnownFileType = sourcecode.c.h; explicitFileType = undefined; includeInIndex = 0; };
		6F9BB5275AC14AA1AC9FAB91 /* SAMKeychain.h */ = {isa = PBXFileReference; name = "SAMKeychain.h"; path = "cordova-plugin-secure-storage/SAMKeychain.h"; sourceTree = "<group>"; fileEncoding = 4; lastKnownFileType = sourcecode.c.h; explicitFileType = undefined; includeInIndex = 0; };
		5584B45836A543F18DF2CDD6 /* SAMKeychainQuery.h */ = {isa = PBXFileReference; name = "SAMKeychainQuery.h"; path = "cordova-plugin-secure-storage/SAMKeychainQuery.h"; sourceTree = "<group>"; fileEncoding = 4; lastKnownFileType = sourcecode.c.h; explicitFileType = undefined; includeInIndex = 0; };
		31D9A5EE35AE4F2287CD78F2 /* SAMKeychain.bundle */ = {isa = PBXFileReference; name = "SAMKeychain.bundle"; path = "SAMKeychain.bundle"; sourceTree = "<group>"; fileEncoding = undefined; lastKnownFileType = wrapper.plug-in; explicitFileType = undefined; includeInIndex = 0; };
/* End PBXFileReference section */

/* Begin PBXFrameworksBuildPhase section */
		1D60588F0D05DD3D006BFB54 /* Frameworks */ = {
			isa = PBXFrameworksBuildPhase;
			buildActionMask = 2147483647;
			files = (
				301BF552109A68D80062928A /* libCordova.a in Frameworks */,
				AED5F3EFEEC841D890D01E94 /* WebKit.framework in Frameworks */,
				0A7C34A453744F51B186F76F /* libz.tbd in Frameworks */,
				BACF9772B97844C89E13405D /* Security.framework in Frameworks */,
			);
			runOnlyForDeploymentPostprocessing = 0;
		};
/* End PBXFrameworksBuildPhase section */

/* Begin PBXGroup section */
		080E96DDFE201D6D7F000001 /* Classes */ = {
			isa = PBXGroup;
			children = (
				302D95EE14D2391D003F00A1 /* MainViewController.h */,
				302D95EF14D2391D003F00A1 /* MainViewController.m */,
				302D95F014D2391D003F00A1 /* MainViewController.xib */,
				1D3623240D0F684500981E51 /* AppDelegate.h */,
				1D3623250D0F684500981E51 /* AppDelegate.m */,
			);
			name = Classes;
			path = "ionic-app/Classes";
			sourceTree = SOURCE_ROOT;
		};
		19C28FACFE9D520D11CA2CBB /* Products */ = {
			isa = PBXGroup;
			children = (
				1D6058910D05DD3D006BFB54 /* ionic-app.app */,
			);
			name = Products;
			sourceTree = "<group>";
		};
		29B97314FDCFA39411CA2CEA /* CustomTemplate */ = {
			isa = PBXGroup;
			children = (
				EB87FDF41871DAF40020F90C /* config.xml */,
				EB87FDF31871DA8E0020F90C /* www */,
				EB87FDF11871DA420020F90C /* Staging */,
				301BF52D109A57CC0062928A /* CordovaLib/CordovaLib.xcodeproj */,
				080E96DDFE201D6D7F000001 /* Classes */,
				307C750510C5A3420062BCA9 /* Plugins */,
				29B97315FDCFA39411CA2CEA /* Other Sources */,
				29B97317FDCFA39411CA2CEA /* Resources */,
				29B97323FDCFA39411CA2CEA /* Frameworks */,
				19C28FACFE9D520D11CA2CBB /* Products */,
			);
			name = CustomTemplate;
			sourceTree = "<group>";
		};
		29B97315FDCFA39411CA2CEA /* Other Sources */ = {
			isa = PBXGroup;
			children = (
				32CA4F630368D1EE00C91783 /* ionic-app-Prefix.pch */,
				29B97316FDCFA39411CA2CEA /* main.m */,
				ED33DF2A687741AEAF9F8254 /* Bridging-Header.h */,
			);
			name = "Other Sources";
			path = "ionic-app";
			sourceTree = "<group>";
		};
		29B97317FDCFA39411CA2CEA /* Resources */ = {
			isa = PBXGroup;
			children = (
				0207DA571B56EA530066E2B4 /* Images.xcassets */,
				3047A50E1AB8057F00498E2A /* config */,
				8D1107310486CEB800E47090 /* ionic-app-Info.plist */,
				6AFF5BF81D6E424B00AB3073 /* CDVLaunchScreen.storyboard */,
				31D9A5EE35AE4F2287CD78F2 /* SAMKeychain.bundle */,
			);
			name = Resources;
			path = "ionic-app/Resources";
			sourceTree = "<group>";
		};
		29B97323FDCFA39411CA2CEA /* Frameworks */ = {
			isa = PBXGroup;
			children = (
				A111E72312964488BCE21137 /* WebKit.framework */,
				EA92D19D948A48F8A50224C0 /* libz.tbd */,
				0A9B755CBB7A41B091DB1621 /* Security.framework */,
			);
			name = Frameworks;
			sourceTree = "<group>";
		};
		301BF52E109A57CC0062928A /* Products */ = {
			isa = PBXGroup;
			children = (
				301BF535109A57CC0062928A /* libCordova.a */,
				E4D8FD7F216490CA00B0D594 /* Cordova.framework */,
			);
			name = Products;
			sourceTree = "<group>";
		};
		3047A50E1AB8057F00498E2A /* config */ = {
			isa = PBXGroup;
			children = (
				3047A50F1AB8059700498E2A /* build-debug.xcconfig */,
				3047A5101AB8059700498E2A /* build-release.xcconfig */,
				3047A5111AB8059700498E2A /* build.xcconfig */,
			);
			name = config;
			sourceTree = "<group>";
		};
		307C750510C5A3420062BCA9 /* Plugins */ = {
			isa = PBXGroup;
			children = (
				DE19E7C9DA5A48419B1D5AB5 /* CDVDevice.m */,
				6085A60860FF476A8FCAA4E4 /* CDVDevice.h */,
				7B5FA453EC67410EA779CA67 /* Fingerprint.swift */,
				FE8C7DE604AA422782B8ED98 /* CDVIonicKeyboard.m */,
				4ACADC34C8F1411BB9220788 /* CDVIonicKeyboard.h */,
				045B0B5762AC45808C1B6019 /* CDVWKWebViewEngine.m */,
				CF52303278284C44B4D90EA6 /* CDVWKWebViewUIDelegate.m */,
				E895522D9E89430AAF36C640 /* CDVWKProcessPoolFactory.m */,
				3CAE8E88CBC3440B9CDE9E4A /* GCDWebServer.m */,
				546B40FB14014768A5BB8ECB /* GCDWebServerConnection.m */,
				5DC630947F084064BF485898 /* GCDWebServerFunctions.m */,
				18EDEAF98ECD4FEF86BEF81B /* GCDWebServerRequest.m */,
				5290BF777CEB469DA0A5DAAC /* GCDWebServerResponse.m */,
				6832BC393B3043929997ACB0 /* GCDWebServerDataRequest.m */,
				9DE48F666C2347D6AFE5013F /* GCDWebServerFileRequest.m */,
				E755DB201C4743AFB116BFEE /* GCDWebServerMultiPartFormRequest.m */,
				8363B1089F0242E782F7683E /* GCDWebServerURLEncodedFormRequest.m */,
				E84FD4EB488944EAB13D91C4 /* GCDWebServerDataResponse.m */,
				565989648CCD4CD6A893EC2A /* GCDWebServerErrorResponse.m */,
				6782A44A8CC04813ABD23801 /* GCDWebServerFileResponse.m */,
				02EB32BE661540EE8D9682CC /* GCDWebServerStreamedResponse.m */,
				D71124ED3F3C4B02A4E324A4 /* CDVWKWebViewEngine.h */,
				2A16E00DA8664F85B6E84F99 /* CDVWKWebViewUIDelegate.h */,
				B7D0235528E14F6588A38DE2 /* CDVWKProcessPoolFactory.h */,
				9ED6449EF4D945F69D88C5FD /* GCDWebServer.h */,
				203F67B364E34150AD5ECF7A /* GCDWebServerConnection.h */,
				093565DDA1894DB2BE1BCEE7 /* GCDWebServerFunctions.h */,
				080301A842264482BC9F3847 /* GCDWebServerHTTPStatusCodes.h */,
				A5DDD0B04B734809BE178C83 /* GCDWebServerPrivate.h */,
				203973DD309243C1A86212EF /* GCDWebServerRequest.h */,
				11E797279FE5454CBFF6130A /* GCDWebServerResponse.h */,
				2A9491ED0466422EAD63ED13 /* GCDWebServerDataRequest.h */,
				D5C69DD86C694220B439BB08 /* GCDWebServerFileRequest.h */,
				950201B585094FE185F6DC90 /* GCDWebServerMultiPartFormRequest.h */,
				F6448C14553B426E8752D3BD /* GCDWebServerURLEncodedFormRequest.h */,
				ED0364CACDBF48B3A52D480B /* GCDWebServerDataResponse.h */,
				281E036ADF0C455DB180E6D5 /* GCDWebServerErrorResponse.h */,
				B410B5140E0C4C67AA15309E /* GCDWebServerFileResponse.h */,
				91EF7D64F5DC44C8B1AC4467 /* GCDWebServerStreamedResponse.h */,
				3972F4042FF1439BB8C42CAB /* CDVSplashScreen.m */,
				091E85782DAA48D29C73AB90 /* CDVViewController+SplashScreen.m */,
				D3F22EF8F43342968C64DB98 /* CDVSplashScreen.h */,
				87401435A3F14408B3373D4E /* CDVViewController+SplashScreen.h */,
				9F77E17DA6134A0D9DC9C489 /* CDVStatusBar.m */,
				43415AF795AA4350BE15D507 /* CDVStatusBar.h */,
				2BC1A8979F944A358FF8216C /* SecureKeyStore.m */,
				2B143AACF3864E78B59451D7 /* KeychainItemWrapper.h */,
				4E30B03EB76A430C87A915C6 /* KeychainItemWrapper.m */,
				2B0A51F0F2A1446B97EC42C6 /* SecureKeyStore.h */,
				BD6B82C13E0D492E93E22409 /* SecureStorage.m */,
				B1B2817FBCCB44A393188A14 /* SAMKeychain.m */,
				27997566B01C43C0A1F1A910 /* SAMKeychainQuery.m */,
				1312B9D65BA44D9683CA1F6E /* SecureStorage.h */,
				6F9BB5275AC14AA1AC9FAB91 /* SAMKeychain.h */,
				5584B45836A543F18DF2CDD6 /* SAMKeychainQuery.h */,
			);
			name = Plugins;
			path = "ionic-app/Plugins";
			sourceTree = SOURCE_ROOT;
		};
		EB87FDF11871DA420020F90C /* Staging */ = {
			isa = PBXGroup;
			children = (
				F840E1F0165FE0F500CFE078 /* config.xml */,
				301BF56E109A69640062928A /* www */,
			);
			name = Staging;
			sourceTree = "<group>";
		};
/* End PBXGroup section */

/* Begin PBXNativeTarget section */
		1D6058900D05DD3D006BFB54 /* ionic-app */ = {
			isa = PBXNativeTarget;
			buildConfigurationList = 1D6058960D05DD3E006BFB54 /* Build configuration list for PBXNativeTarget "ionic-app" */;
			buildPhases = (
				304B58A110DAC018002A0835 /* Copy www directory */,
				1D60588D0D05DD3D006BFB54 /* Resources */,
				1D60588E0D05DD3D006BFB54 /* Sources */,
				1D60588F0D05DD3D006BFB54 /* Frameworks */,
			);
			buildRules = (
			);
			dependencies = (
				301BF551109A68C00062928A /* PBXTargetDependency */,
			);
			name = "ionic-app";
			productName = "ionic-app";
			productReference = 1D6058910D05DD3D006BFB54 /* ionic-app.app */;
			productType = "com.apple.product-type.application";
		};
/* End PBXNativeTarget section */

/* Begin PBXProject section */
		29B97313FDCFA39411CA2CEA /* Project object */ = {
			isa = PBXProject;
			attributes = {
				LastUpgradeCheck = 510;
				TargetAttributes = {
					1D6058900D05DD3D006BFB54 = {
						DevelopmentTeam = 3Q847SXCS3;
						ProvisioningStyle = Manual;
					};
				};
			};
			buildConfigurationList = C01FCF4E08A954540054247B /* Build configuration list for PBXProject "ionic-app" */;
			compatibilityVersion = "Xcode 3.2";
			developmentRegion = English;
			hasScannedForEncodings = 1;
			knownRegions = (
				en,
			);
			mainGroup = 29B97314FDCFA39411CA2CEA /* CustomTemplate */;
			projectDirPath = "";
			projectReferences = (
				{
					ProductGroup = 301BF52E109A57CC0062928A /* Products */;
					ProjectRef = 301BF52D109A57CC0062928A /* CordovaLib/CordovaLib.xcodeproj */;
				},
			);
			projectRoot = "";
			targets = (
				1D6058900D05DD3D006BFB54 /* ionic-app */,
			);
		};
/* End PBXProject section */

/* Begin PBXReferenceProxy section */
		301BF535109A57CC0062928A /* libCordova.a */ = {
			isa = PBXReferenceProxy;
			fileType = archive.ar;
			path = libCordova.a;
			remoteRef = 301BF534109A57CC0062928A /* PBXContainerItemProxy */;
			sourceTree = BUILT_PRODUCTS_DIR;
		};
		E4D8FD7F216490CA00B0D594 /* Cordova.framework */ = {
			isa = PBXReferenceProxy;
			fileType = wrapper.framework;
			path = Cordova.framework;
			remoteRef = E4D8FD7E216490CA00B0D594 /* PBXContainerItemProxy */;
			sourceTree = BUILT_PRODUCTS_DIR;
		};
/* End PBXReferenceProxy section */

/* Begin PBXResourcesBuildPhase section */
		1D60588D0D05DD3D006BFB54 /* Resources */ = {
			isa = PBXResourcesBuildPhase;
			buildActionMask = 2147483647;
			files = (
				302D95F214D2391D003F00A1 /* MainViewController.xib in Resources */,
				0207DA581B56EA530066E2B4 /* Images.xcassets in Resources */,
				6AFF5BF91D6E424B00AB3073 /* CDVLaunchScreen.storyboard in Resources */,
				A68CF175C6AD4FE88A618A52 /* SAMKeychain.bundle in Resources */,
			);
			runOnlyForDeploymentPostprocessing = 0;
		};
/* End PBXResourcesBuildPhase section */

/* Begin PBXShellScriptBuildPhase section */
		304B58A110DAC018002A0835 /* Copy www directory */ = {
			isa = PBXShellScriptBuildPhase;
			buildActionMask = 2147483647;
			files = (
			);
			inputPaths = (
			);
			name = "Copy www directory";
			outputPaths = (
			);
			runOnlyForDeploymentPostprocessing = 0;
			shellPath = /bin/sh;
			shellScript = "NODEJS_PATH=/usr/local/bin; NVM_NODE_PATH=~/.nvm/versions/node/`nvm version 2>/dev/null`/bin; N_NODE_PATH=`find /usr/local/n/versions/node/* -maxdepth 0 -type d 2>/dev/null | tail -1`/bin; XCODE_NODE_PATH=`xcode-select --print-path`/usr/share/xcs/Node/bin; PATH=$NODEJS_PATH:$NVM_NODE_PATH:$N_NODE_PATH:$XCODE_NODE_PATH:$PATH && node cordova/lib/copy-www-build-step.js";
			showEnvVarsInLog = 0;
		};
/* End PBXShellScriptBuildPhase section */

/* Begin PBXSourcesBuildPhase section */
		1D60588E0D05DD3D006BFB54 /* Sources */ = {
			isa = PBXSourcesBuildPhase;
			buildActionMask = 2147483647;
			files = (
				1D60589B0D05DD56006BFB54 /* main.m in Sources */,
				1D3623260D0F684500981E51 /* AppDelegate.m in Sources */,
				302D95F114D2391D003F00A1 /* MainViewController.m in Sources */,
				CEED6C41DCB54E7285A65BA7 /* CDVDevice.m in Sources */,
				3BF8C2543D06473F96A83464 /* Fingerprint.swift in Sources */,
				8C17897C987F4D35AA4445DF /* CDVIonicKeyboard.m in Sources */,
				0A48D382677E415381C8820A /* CDVWKWebViewEngine.m in Sources */,
				BD5FE25A329C4A808B06C614 /* CDVWKWebViewUIDelegate.m in Sources */,
				7A1D2CF8BB9C4323A8BFB210 /* CDVWKProcessPoolFactory.m in Sources */,
				AE64CF9F09B34AF09E59BD4F /* GCDWebServer.m in Sources */,
				33F88EA8EBAD4BDCA503DD21 /* GCDWebServerConnection.m in Sources */,
				EE4048C4515E40A99A20599C /* GCDWebServerFunctions.m in Sources */,
				836AE4A0A1644EC0B6794A3E /* GCDWebServerRequest.m in Sources */,
				A9CD4D5E960D42A98CF3CF5C /* GCDWebServerResponse.m in Sources */,
				A0031673E93948BEAD221957 /* GCDWebServerDataRequest.m in Sources */,
				96DEE1A8D6504F81BC5857AA /* GCDWebServerFileRequest.m in Sources */,
				FE00FF9DEAB34C0A94A7478D /* GCDWebServerMultiPartFormRequest.m in Sources */,
				47C82CD47B20464CA56D13B2 /* GCDWebServerURLEncodedFormRequest.m in Sources */,
				58FD5E9ED6424CC1BDAC104F /* GCDWebServerDataResponse.m in Sources */,
				CFD8A144B0594EF290EAB0F4 /* GCDWebServerErrorResponse.m in Sources */,
				03E5976A2DE54C3995F85A72 /* GCDWebServerFileResponse.m in Sources */,
				A393945C10A94AD5911D8D21 /* GCDWebServerStreamedResponse.m in Sources */,
				2ADBE00D2CB545C185009ED3 /* CDVSplashScreen.m in Sources */,
				6C6F8B6BA923439085E55F4E /* CDVViewController+SplashScreen.m in Sources */,
				372C8370A707499184AB671C /* CDVStatusBar.m in Sources */,
				0EE90B78DD0C4E078AEB13B0 /* SecureKeyStore.m in Sources */,
				0D8FE23AE4DD4B968D187055 /* KeychainItemWrapper.h in Resources */,
				77AED63DEE8648AD999CDEF2 /* KeychainItemWrapper.m in Sources */,
				C470DAB1855645BEA23161DF /* SecureStorage.m in Sources */,
				CDD3DC5C50154FA382BEA1D5 /* SAMKeychain.m in Sources */,
				E96531D8ABAB4B4190845153 /* SAMKeychainQuery.m in Sources */,
			);
			runOnlyForDeploymentPostprocessing = 0;
		};
/* End PBXSourcesBuildPhase section */

/* Begin PBXTargetDependency section */
		301BF551109A68C00062928A /* PBXTargetDependency */ = {
			isa = PBXTargetDependency;
			name = CordovaLib;
			targetProxy = 301BF550109A68C00062928A /* PBXContainerItemProxy */;
		};
/* End PBXTargetDependency section */

/* Begin XCBuildConfiguration section */
		1D6058940D05DD3E006BFB54 /* Debug */ = {
			isa = XCBuildConfiguration;
			baseConfigurationReference = 3047A50F1AB8059700498E2A /* build-debug.xcconfig */;
			buildSettings = {
				ALWAYS_EMBED_SWIFT_STANDARD_LIBRARIES = YES;
				ALWAYS_SEARCH_USER_PATHS = NO;
				ASSETCATALOG_COMPILER_APPICON_NAME = AppIcon;
				ASSETCATALOG_COMPILER_LAUNCHIMAGE_NAME = LaunchImage;
				CLANG_ENABLE_MODULES = YES;
				CLANG_ENABLE_OBJC_ARC = YES;
				CODE_SIGN_IDENTITY = "iPhone Developer";
				"CODE_SIGN_IDENTITY[sdk=iphoneos*]" = "iPhone Developer: Pratik Prakash (73KF4DT375)";
				CODE_SIGN_STYLE = Manual;
				COPY_PHASE_STRIP = NO;
				DEVELOPMENT_TEAM = 3Q847SXCS3;
				GCC_DYNAMIC_NO_PIC = NO;
				GCC_OPTIMIZATION_LEVEL = 0;
				GCC_PRECOMPILE_PREFIX_HEADER = YES;
				GCC_PREFIX_HEADER = "ionic-app/ionic-app-Prefix.pch";
				GCC_THUMB_SUPPORT = NO;
				GCC_VERSION = "";
				INFOPLIST_FILE = "ionic-app/ionic-app-Info.plist";
				IPHONEOS_DEPLOYMENT_TARGET = 11.3;
				LD_RUNPATH_SEARCH_PATHS = "@executable_path/Frameworks";
				PRODUCT_BUNDLE_IDENTIFIER = com.fidelity.coregraphics.identifier;
				PRODUCT_NAME = "ionic-app";
				PROVISIONING_PROFILE_SPECIFIER = "Fidelity Planviewer Dev profile";
				SWIFT_OBJC_BRIDGING_HEADER = "$(PROJECT_DIR)/$(PROJECT_NAME)/Bridging-Header.h";
				SWIFT_OPTIMIZATION_LEVEL = "-Onone";
				SWIFT_VERSION = 3.0;
				TARGETED_DEVICE_FAMILY = 1;
			};
			name = Debug;
		};
		1D6058950D05DD3E006BFB54 /* Release */ = {
			isa = XCBuildConfiguration;
			baseConfigurationReference = 3047A5101AB8059700498E2A /* build-release.xcconfig */;
			buildSettings = {
				ALWAYS_EMBED_SWIFT_STANDARD_LIBRARIES = YES;
				ALWAYS_SEARCH_USER_PATHS = NO;
				ASSETCATALOG_COMPILER_APPICON_NAME = AppIcon;
				ASSETCATALOG_COMPILER_LAUNCHIMAGE_NAME = LaunchImage;
				CLANG_ENABLE_MODULES = YES;
				CLANG_ENABLE_OBJC_ARC = YES;
				CODE_SIGN_IDENTITY = "iPhone Developer";
				"CODE_SIGN_IDENTITY[sdk=iphoneos*]" = "iPhone Developer: Pratik Prakash (73KF4DT375)";
				CODE_SIGN_STYLE = Manual;
				COPY_PHASE_STRIP = YES;
				DEVELOPMENT_TEAM = 3Q847SXCS3;
				GCC_PRECOMPILE_PREFIX_HEADER = YES;
				GCC_PREFIX_HEADER = "ionic-app/ionic-app-Prefix.pch";
				GCC_THUMB_SUPPORT = NO;
				GCC_VERSION = "";
				INFOPLIST_FILE = "ionic-app/ionic-app-Info.plist";
				IPHONEOS_DEPLOYMENT_TARGET = 11.3;
				LD_RUNPATH_SEARCH_PATHS = "@executable_path/Frameworks";
				PRODUCT_BUNDLE_IDENTIFIER = com.fidelity.coregraphics.identifier;
				PRODUCT_NAME = "ionic-app";
				PROVISIONING_PROFILE_SPECIFIER = "Fidelity Planviewer Dev profile";
				SWIFT_OBJC_BRIDGING_HEADER = "$(PROJECT_DIR)/$(PROJECT_NAME)/Bridging-Header.h";
				SWIFT_VERSION = 3.0;
				TARGETED_DEVICE_FAMILY = 1;
			};
			name = Release;
		};
		C01FCF4F08A954540054247B /* Debug */ = {
			isa = XCBuildConfiguration;
			baseConfigurationReference = 3047A5111AB8059700498E2A /* build.xcconfig */;
			buildSettings = {
				ALWAYS_EMBED_SWIFT_STANDARD_LIBRARIES = YES;
				CLANG_ENABLE_MODULES = YES;
				CLANG_ENABLE_OBJC_ARC = YES;
				CLANG_WARN_BOOL_CONVERSION = YES;
				CLANG_WARN_CONSTANT_CONVERSION = YES;
				CLANG_WARN_EMPTY_BODY = YES;
				CLANG_WARN_ENUM_CONVERSION = YES;
				CLANG_WARN_INT_CONVERSION = YES;
				CLANG_WARN__DUPLICATE_METHOD_MATCH = YES;
				GCC_C_LANGUAGE_STANDARD = c99;
				GCC_THUMB_SUPPORT = NO;
				GCC_VERSION = "";
				GCC_WARN_ABOUT_RETURN_TYPE = YES;
				GCC_WARN_UNDECLARED_SELECTOR = YES;
				GCC_WARN_UNINITIALIZED_AUTOS = YES;
				GCC_WARN_UNUSED_FUNCTION = YES;
				GCC_WARN_UNUSED_VARIABLE = YES;
				ONLY_ACTIVE_ARCH = YES;
				SDKROOT = iphoneos;
				SKIP_INSTALL = NO;
				SWIFT_OBJC_BRIDGING_HEADER = "$(PROJECT_DIR)/$(PROJECT_NAME)/Bridging-Header.h";
				SWIFT_OPTIMIZATION_LEVEL = "-Onone";
				SWIFT_VERSION = 3.0;
			};
			name = Debug;
		};
		C01FCF5008A954540054247B /* Release */ = {
			isa = XCBuildConfiguration;
			baseConfigurationReference = 3047A5111AB8059700498E2A /* build.xcconfig */;
			buildSettings = {
				ALWAYS_EMBED_SWIFT_STANDARD_LIBRARIES = YES;
				CLANG_ENABLE_MODULES = YES;
				CLANG_ENABLE_OBJC_ARC = YES;
				CLANG_WARN_BOOL_CONVERSION = YES;
				CLANG_WARN_CONSTANT_CONVERSION = YES;
				CLANG_WARN_EMPTY_BODY = YES;
				CLANG_WARN_ENUM_CONVERSION = YES;
				CLANG_WARN_INT_CONVERSION = YES;
				CLANG_WARN__DUPLICATE_METHOD_MATCH = YES;
				GCC_C_LANGUAGE_STANDARD = c99;
				GCC_THUMB_SUPPORT = NO;
				GCC_VERSION = "";
				GCC_WARN_ABOUT_RETURN_TYPE = YES;
				GCC_WARN_UNDECLARED_SELECTOR = YES;
				GCC_WARN_UNINITIALIZED_AUTOS = YES;
				GCC_WARN_UNUSED_FUNCTION = YES;
				GCC_WARN_UNUSED_VARIABLE = YES;
				SDKROOT = iphoneos;
				SKIP_INSTALL = NO;
				SWIFT_OBJC_BRIDGING_HEADER = "$(PROJECT_DIR)/$(PROJECT_NAME)/Bridging-Header.h";
				SWIFT_VERSION = 3.0;
			};
			name = Release;
		};
/* End XCBuildConfiguration section */

/* Begin XCConfigurationList section */
		1D6058960D05DD3E006BFB54 /* Build configuration list for PBXNativeTarget "ionic-app" */ = {
			isa = XCConfigurationList;
			buildConfigurations = (
				1D6058940D05DD3E006BFB54 /* Debug */,
				1D6058950D05DD3E006BFB54 /* Release */,
			);
			defaultConfigurationIsVisible = 0;
			defaultConfigurationName = Release;
		};
		C01FCF4E08A954540054247B /* Build configuration list for PBXProject "ionic-app" */ = {
			isa = XCConfigurationList;
			buildConfigurations = (
				C01FCF4F08A954540054247B /* Debug */,
				C01FCF5008A954540054247B /* Release */,
			);
			defaultConfigurationIsVisible = 0;
			defaultConfigurationName = Release;
		};
/* End XCConfigurationList section */
	};
	rootObject = 29B97313FDCFA39411CA2CEA /* Project object */;
}
